// !$*UTF8*$!
{
	archiveVersion = 1;
	classes = {
	};
	objectVersion = 56;
	objects = {

/* Begin PBXBuildFile section */
		0AC50B132A9DF70100223D3F /* TransactionList.swift in Sources */ = {isa = PBXBuildFile; fileRef = 0AC50B122A9DF70100223D3F /* TransactionList.swift */; };
		0AC50B162A9DFDB300223D3F /* Collections in Frameworks */ = {isa = PBXBuildFile; productRef = 0AC50B152A9DFDB300223D3F /* Collections */; };
		0AC50B192A9DFEE700223D3F /* SwiftUICharts in Frameworks */ = {isa = PBXBuildFile; productRef = 0AC50B182A9DFEE700223D3F /* SwiftUICharts */; };
		0AD7B0052A9D836700DE53D3 /* ExpenseTrackerApp.swift in Sources */ = {isa = PBXBuildFile; fileRef = 0AD7B0042A9D836700DE53D3 /* ExpenseTrackerApp.swift */; };
		0AD7B0072A9D836700DE53D3 /* ContentView.swift in Sources */ = {isa = PBXBuildFile; fileRef = 0AD7B0062A9D836700DE53D3 /* ContentView.swift */; };
		0AD7B0092A9D836800DE53D3 /* Assets.xcassets in Resources */ = {isa = PBXBuildFile; fileRef = 0AD7B0082A9D836800DE53D3 /* Assets.xcassets */; };
		0AD7B00C2A9D836800DE53D3 /* Preview Assets.xcassets in Resources */ = {isa = PBXBuildFile; fileRef = 0AD7B00B2A9D836800DE53D3 /* Preview Assets.xcassets */; };
		0AD7B0132A9D852600DE53D3 /* Extensions.swift in Sources */ = {isa = PBXBuildFile; fileRef = 0AD7B0122A9D852600DE53D3 /* Extensions.swift */; };
		0AD7B0152A9D8B8200DE53D3 /* TransactionModel.swift in Sources */ = {isa = PBXBuildFile; fileRef = 0AD7B0142A9D8B8200DE53D3 /* TransactionModel.swift */; };
		0AD7B0172A9D8CFE00DE53D3 /* PreviewData.swift in Sources */ = {isa = PBXBuildFile; fileRef = 0AD7B0162A9D8CFE00DE53D3 /* PreviewData.swift */; };
		0AD7B0192A9D8E7800DE53D3 /* TransactionRow.swift in Sources */ = {isa = PBXBuildFile; fileRef = 0AD7B0182A9D8E7800DE53D3 /* TransactionRow.swift */; };
		0AD7B01C2A9D954000DE53D3 /* SwiftUIFontIcon in Frameworks */ = {isa = PBXBuildFile; productRef = 0AD7B01B2A9D954000DE53D3 /* SwiftUIFontIcon */; };
		0AD7B01E2A9D961D00DE53D3 /* TransactionListViewModel.swift in Sources */ = {isa = PBXBuildFile; fileRef = 0AD7B01D2A9D961D00DE53D3 /* TransactionListViewModel.swift */; };
		0AD7B0202A9D9E0600DE53D3 /* RecentTransactionList.swift in Sources */ = {isa = PBXBuildFile; fileRef = 0AD7B01F2A9D9E0600DE53D3 /* RecentTransactionList.swift */; };
/* End PBXBuildFile section */

/* Begin PBXFileReference section */
		0AC50B122A9DF70100223D3F /* TransactionList.swift */ = {isa = PBXFileReference; lastKnownFileType = sourcecode.swift; path = TransactionList.swift; sourceTree = "<group>"; };
		0AD7B0012A9D836700DE53D3 /* ExpenseTracker.app */ = {isa = PBXFileReference; explicitFileType = wrapper.application; includeInIndex = 0; path = ExpenseTracker.app; sourceTree = BUILT_PRODUCTS_DIR; };
		0AD7B0042A9D836700DE53D3 /* ExpenseTrackerApp.swift */ = {isa = PBXFileReference; lastKnownFileType = sourcecode.swift; path = ExpenseTrackerApp.swift; sourceTree = "<group>"; };
		0AD7B0062A9D836700DE53D3 /* ContentView.swift */ = {isa = PBXFileReference; lastKnownFileType = sourcecode.swift; path = ContentView.swift; sourceTree = "<group>"; };
		0AD7B0082A9D836800DE53D3 /* Assets.xcassets */ = {isa = PBXFileReference; lastKnownFileType = folder.assetcatalog; path = Assets.xcassets; sourceTree = "<group>"; };
		0AD7B00B2A9D836800DE53D3 /* Preview Assets.xcassets */ = {isa = PBXFileReference; lastKnownFileType = folder.assetcatalog; path = "Preview Assets.xcassets"; sourceTree = "<group>"; };
		0AD7B0122A9D852600DE53D3 /* Extensions.swift */ = {isa = PBXFileReference; lastKnownFileType = sourcecode.swift; path = Extensions.swift; sourceTree = "<group>"; };
		0AD7B0142A9D8B8200DE53D3 /* TransactionModel.swift */ = {isa = PBXFileReference; lastKnownFileType = sourcecode.swift; path = TransactionModel.swift; sourceTree = "<group>"; };
		0AD7B0162A9D8CFE00DE53D3 /* PreviewData.swift */ = {isa = PBXFileReference; lastKnownFileType = sourcecode.swift; path = PreviewData.swift; sourceTree = "<group>"; };
		0AD7B0182A9D8E7800DE53D3 /* TransactionRow.swift */ = {isa = PBXFileReference; lastKnownFileType = sourcecode.swift; path = TransactionRow.swift; sourceTree = "<group>"; };
		0AD7B01D2A9D961D00DE53D3 /* TransactionListViewModel.swift */ = {isa = PBXFileReference; lastKnownFileType = sourcecode.swift; path = TransactionListViewModel.swift; sourceTree = "<group>"; };
		0AD7B01F2A9D9E0600DE53D3 /* RecentTransactionList.swift */ = {isa = PBXFileReference; lastKnownFileType = sourcecode.swift; path = RecentTransactionList.swift; sourceTree = "<group>"; };
/* End PBXFileReference section */

/* Begin PBXFrameworksBuildPhase section */
		0AD7AFFE2A9D836700DE53D3 /* Frameworks */ = {
			isa = PBXFrameworksBuildPhase;
			buildActionMask = 2147483647;
			files = (
				0AC50B192A9DFEE700223D3F /* SwiftUICharts in Frameworks */,
				0AC50B162A9DFDB300223D3F /* Collections in Frameworks */,
				0AD7B01C2A9D954000DE53D3 /* SwiftUIFontIcon in Frameworks */,
			);
			runOnlyForDeploymentPostprocessing = 0;
		};
/* End PBXFrameworksBuildPhase section */

/* Begin PBXGroup section */
		0AD7AFF82A9D836600DE53D3 = {
			isa = PBXGroup;
			children = (
				0AD7B0032A9D836700DE53D3 /* ExpenseTracker */,
				0AD7B0022A9D836700DE53D3 /* Products */,
			);
			sourceTree = "<group>";
		};
		0AD7B0022A9D836700DE53D3 /* Products */ = {
			isa = PBXGroup;
			children = (
				0AD7B0012A9D836700DE53D3 /* ExpenseTracker.app */,
			);
			name = Products;
			sourceTree = "<group>";
		};
		0AD7B0032A9D836700DE53D3 /* ExpenseTracker */ = {
			isa = PBXGroup;
			children = (
				0AD7B0042A9D836700DE53D3 /* ExpenseTrackerApp.swift */,
				0AD7B0062A9D836700DE53D3 /* ContentView.swift */,
				0AD7B01F2A9D9E0600DE53D3 /* RecentTransactionList.swift */,
				0AC50B122A9DF70100223D3F /* TransactionList.swift */,
				0AD7B0182A9D8E7800DE53D3 /* TransactionRow.swift */,
				0AD7B01D2A9D961D00DE53D3 /* TransactionListViewModel.swift */,
				0AD7B0142A9D8B8200DE53D3 /* TransactionModel.swift */,
				0AD7B0122A9D852600DE53D3 /* Extensions.swift */,
				0AD7B0082A9D836800DE53D3 /* Assets.xcassets */,
				0AD7B00A2A9D836800DE53D3 /* Preview Content */,
			);
			path = ExpenseTracker;
			sourceTree = "<group>";
		};
		0AD7B00A2A9D836800DE53D3 /* Preview Content */ = {
			isa = PBXGroup;
			children = (
				0AD7B00B2A9D836800DE53D3 /* Preview Assets.xcassets */,
				0AD7B0162A9D8CFE00DE53D3 /* PreviewData.swift */,
			);
			path = "Preview Content";
			sourceTree = "<group>";
		};
/* End PBXGroup section */

/* Begin PBXNativeTarget section */
		0AD7B0002A9D836700DE53D3 /* ExpenseTracker */ = {
			isa = PBXNativeTarget;
			buildConfigurationList = 0AD7B00F2A9D836800DE53D3 /* Build configuration list for PBXNativeTarget "ExpenseTracker" */;
			buildPhases = (
				0AD7AFFD2A9D836700DE53D3 /* Sources */,
				0AD7AFFE2A9D836700DE53D3 /* Frameworks */,
				0AD7AFFF2A9D836700DE53D3 /* Resources */,
			);
			buildRules = (
			);
			dependencies = (
			);
			name = ExpenseTracker;
			packageProductDependencies = (
				0AD7B01B2A9D954000DE53D3 /* SwiftUIFontIcon */,
				0AC50B152A9DFDB300223D3F /* Collections */,
				0AC50B182A9DFEE700223D3F /* SwiftUICharts */,
			);
			productName = ExpenseTracker;
			productReference = 0AD7B0012A9D836700DE53D3 /* ExpenseTracker.app */;
			productType = "com.apple.product-type.application";
		};
/* End PBXNativeTarget section */

/* Begin PBXProject section */
		0AD7AFF92A9D836600DE53D3 /* Project object */ = {
			isa = PBXProject;
			attributes = {
				BuildIndependentTargetsInParallel = 1;
				LastSwiftUpdateCheck = 1420;
				LastUpgradeCheck = 1420;
				TargetAttributes = {
					0AD7B0002A9D836700DE53D3 = {
						CreatedOnToolsVersion = 14.2;
					};
				};
			};
			buildConfigurationList = 0AD7AFFC2A9D836600DE53D3 /* Build configuration list for PBXProject "ExpenseTracker" */;
			compatibilityVersion = "Xcode 14.0";
			developmentRegion = en;
			hasScannedForEncodings = 0;
			knownRegions = (
				en,
				Base,
			);
			mainGroup = 0AD7AFF82A9D836600DE53D3;
			packageReferences = (
				0AD7B01A2A9D954000DE53D3 /* XCRemoteSwiftPackageReference "SwiftUIFontIcon" */,
				0AC50B142A9DFDB300223D3F /* XCRemoteSwiftPackageReference "swift-collections" */,
				0AC50B172A9DFEE700223D3F /* XCRemoteSwiftPackageReference "ChartView" */,
			);
			productRefGroup = 0AD7B0022A9D836700DE53D3 /* Products */;
			projectDirPath = "";
			projectRoot = "";
			targets = (
				0AD7B0002A9D836700DE53D3 /* ExpenseTracker */,
			);
		};
/* End PBXProject section */

/* Begin PBXResourcesBuildPhase section */
		0AD7AFFF2A9D836700DE53D3 /* Resources */ = {
			isa = PBXResourcesBuildPhase;
			buildActionMask = 2147483647;
			files = (
				0AD7B00C2A9D836800DE53D3 /* Preview Assets.xcassets in Resources */,
				0AD7B0092A9D836800DE53D3 /* Assets.xcassets in Resources */,
			);
			runOnlyForDeploymentPostprocessing = 0;
		};
/* End PBXResourcesBuildPhase section */

/* Begin PBXSourcesBuildPhase section */
		0AD7AFFD2A9D836700DE53D3 /* Sources */ = {
			isa = PBXSourcesBuildPhase;
			buildActionMask = 2147483647;
			files = (
				0AD7B0172A9D8CFE00DE53D3 /* PreviewData.swift in Sources */,
				0AC50B132A9DF70100223D3F /* TransactionList.swift in Sources */,
				0AD7B0202A9D9E0600DE53D3 /* RecentTransactionList.swift in Sources */,
				0AD7B0152A9D8B8200DE53D3 /* TransactionModel.swift in Sources */,
				0AD7B0072A9D836700DE53D3 /* ContentView.swift in Sources */,
				0AD7B0192A9D8E7800DE53D3 /* TransactionRow.swift in Sources */,
				0AD7B0132A9D852600DE53D3 /* Extensions.swift in Sources */,
				0AD7B01E2A9D961D00DE53D3 /* TransactionListViewModel.swift in Sources */,
				0AD7B0052A9D836700DE53D3 /* ExpenseTrackerApp.swift in Sources */,
			);
			runOnlyForDeploymentPostprocessing = 0;
		};
/* End PBXSourcesBuildPhase section */

/* Begin XCBuildConfiguration section */
		0AD7B00D2A9D836800DE53D3 /* Debug */ = {
			isa = XCBuildConfiguration;
			buildSettings = {
				ALWAYS_SEARCH_USER_PATHS = NO;
				CLANG_ANALYZER_NONNULL = YES;
				CLANG_ANALYZER_NUMBER_OBJECT_CONVERSION = YES_AGGRESSIVE;
				CLANG_CXX_LANGUAGE_STANDARD = "gnu++20";
				CLANG_ENABLE_MODULES = YES;
				CLANG_ENABLE_OBJC_ARC = YES;
				CLANG_ENABLE_OBJC_WEAK = YES;
				CLANG_WARN_BLOCK_CAPTURE_AUTORELEASING = YES;
				CLANG_WARN_BOOL_CONVERSION = YES;
				CLANG_WARN_COMMA = YES;
				CLANG_WARN_CONSTANT_CONVERSION = YES;
				CLANG_WARN_DEPRECATED_OBJC_IMPLEMENTATIONS = YES;
				CLANG_WARN_DIRECT_OBJC_ISA_USAGE = YES_ERROR;
				CLANG_WARN_DOCUMENTATION_COMMENTS = YES;
				CLANG_WARN_EMPTY_BODY = YES;
				CLANG_WARN_ENUM_CONVERSION = YES;
				CLANG_WARN_INFINITE_RECURSION = YES;
				CLANG_WARN_INT_CONVERSION = YES;
				CLANG_WARN_NON_LITERAL_NULL_CONVERSION = YES;
				CLANG_WARN_OBJC_IMPLICIT_RETAIN_SELF = YES;
				CLANG_WARN_OBJC_LITERAL_CONVERSION = YES;
				CLANG_WARN_OBJC_ROOT_CLASS = YES_ERROR;
				CLANG_WARN_QUOTED_INCLUDE_IN_FRAMEWORK_HEADER = YES;
				CLANG_WARN_RANGE_LOOP_ANALYSIS = YES;
				CLANG_WARN_STRICT_PROTOTYPES = YES;
				CLANG_WARN_SUSPICIOUS_MOVE = YES;
				CLANG_WARN_UNGUARDED_AVAILABILITY = YES_AGGRESSIVE;
				CLANG_WARN_UNREACHABLE_CODE = YES;
				CLANG_WARN__DUPLICATE_METHOD_MATCH = YES;
				COPY_PHASE_STRIP = NO;
				DEBUG_INFORMATION_FORMAT = dwarf;
				ENABLE_STRICT_OBJC_MSGSEND = YES;
				ENABLE_TESTABILITY = YES;
				GCC_C_LANGUAGE_STANDARD = gnu11;
				GCC_DYNAMIC_NO_PIC = NO;
				GCC_NO_COMMON_BLOCKS = YES;
				GCC_OPTIMIZATION_LEVEL = 0;
				GCC_PREPROCESSOR_DEFINITIONS = (
					"DEBUG=1",
					"$(inherited)",
				);
				GCC_WARN_64_TO_32_BIT_CONVERSION = YES;
				GCC_WARN_ABOUT_RETURN_TYPE = YES_ERROR;
				GCC_WARN_UNDECLARED_SELECTOR = YES;
				GCC_WARN_UNINITIALIZED_AUTOS = YES_AGGRESSIVE;
				GCC_WARN_UNUSED_FUNCTION = YES;
				GCC_WARN_UNUSED_VARIABLE = YES;
				IPHONEOS_DEPLOYMENT_TARGET = 16.2;
				MTL_ENABLE_DEBUG_INFO = INCLUDE_SOURCE;
				MTL_FAST_MATH = YES;
				ONLY_ACTIVE_ARCH = YES;
				SDKROOT = iphoneos;
				SWIFT_ACTIVE_COMPILATION_CONDITIONS = DEBUG;
				SWIFT_OPTIMIZATION_LEVEL = "-Onone";
			};
			name = Debug;
		};
		0AD7B00E2A9D836800DE53D3 /* Release */ = {
			isa = XCBuildConfiguration;
			buildSettings = {
				ALWAYS_SEARCH_USER_PATHS = NO;
				CLANG_ANALYZER_NONNULL = YES;
				CLANG_ANALYZER_NUMBER_OBJECT_CONVERSION = YES_AGGRESSIVE;
				CLANG_CXX_LANGUAGE_STANDARD = "gnu++20";
				CLANG_ENABLE_MODULES = YES;
				CLANG_ENABLE_OBJC_ARC = YES;
				CLANG_ENABLE_OBJC_WEAK = YES;
				CLANG_WARN_BLOCK_CAPTURE_AUTORELEASING = YES;
				CLANG_WARN_BOOL_CONVERSION = YES;
				CLANG_WARN_COMMA = YES;
				CLANG_WARN_CONSTANT_CONVERSION = YES;
				CLANG_WARN_DEPRECATED_OBJC_IMPLEMENTATIONS = YES;
				CLANG_WARN_DIRECT_OBJC_ISA_USAGE = YES_ERROR;
				CLANG_WARN_DOCUMENTATION_COMMENTS = YES;
				CLANG_WARN_EMPTY_BODY = YES;
				CLANG_WARN_ENUM_CONVERSION = YES;
				CLANG_WARN_INFINITE_RECURSION = YES;
				CLANG_WARN_INT_CONVERSION = YES;
				CLANG_WARN_NON_LITERAL_NULL_CONVERSION = YES;
				CLANG_WARN_OBJC_IMPLICIT_RETAIN_SELF = YES;
				CLANG_WARN_OBJC_LITERAL_CONVERSION = YES;
				CLANG_WARN_OBJC_ROOT_CLASS = YES_ERROR;
				CLANG_WARN_QUOTED_INCLUDE_IN_FRAMEWORK_HEADER = YES;
				CLANG_WARN_RANGE_LOOP_ANALYSIS = YES;
				CLANG_WARN_STRICT_PROTOTYPES = YES;
				CLANG_WARN_SUSPICIOUS_MOVE = YES;
				CLANG_WARN_UNGUARDED_AVAILABILITY = YES_AGGRESSIVE;
				CLANG_WARN_UNREACHABLE_CODE = YES;
				CLANG_WARN__DUPLICATE_METHOD_MATCH = YES;
				COPY_PHASE_STRIP = NO;
				DEBUG_INFORMATION_FORMAT = "dwarf-with-dsym";
				ENABLE_NS_ASSERTIONS = NO;
				ENABLE_STRICT_OBJC_MSGSEND = YES;
				GCC_C_LANGUAGE_STANDARD = gnu11;
				GCC_NO_COMMON_BLOCKS = YES;
				GCC_WARN_64_TO_32_BIT_CONVERSION = YES;
				GCC_WARN_ABOUT_RETURN_TYPE = YES_ERROR;
				GCC_WARN_UNDECLARED_SELECTOR = YES;
				GCC_WARN_UNINITIALIZED_AUTOS = YES_AGGRESSIVE;
				GCC_WARN_UNUSED_FUNCTION = YES;
				GCC_WARN_UNUSED_VARIABLE = YES;
				IPHONEOS_DEPLOYMENT_TARGET = 16.2;
				MTL_ENABLE_DEBUG_INFO = NO;
				MTL_FAST_MATH = YES;
				SDKROOT = iphoneos;
				SWIFT_COMPILATION_MODE = wholemodule;
				SWIFT_OPTIMIZATION_LEVEL = "-O";
				VALIDATE_PRODUCT = YES;
			};
			name = Release;
		};
		0AD7B0102A9D836800DE53D3 /* Debug */ = {
			isa = XCBuildConfiguration;
			buildSettings = {
				ASSETCATALOG_COMPILER_APPICON_NAME = AppIcon;
				ASSETCATALOG_COMPILER_GLOBAL_ACCENT_COLOR_NAME = AccentColor;
				CODE_SIGN_STYLE = Automatic;
				CURRENT_PROJECT_VERSION = 1;
				DEVELOPMENT_ASSET_PATHS = "\"ExpenseTracker/Preview Content\"";
				DEVELOPMENT_TEAM = R5AKRV4557;
				ENABLE_PREVIEWS = YES;
				GENERATE_INFOPLIST_FILE = YES;
				INFOPLIST_KEY_UIApplicationSceneManifest_Generation = YES;
				INFOPLIST_KEY_UIApplicationSupportsIndirectInputEvents = YES;
				INFOPLIST_KEY_UILaunchScreen_Generation = YES;
				INFOPLIST_KEY_UISupportedInterfaceOrientations_iPad = "UIInterfaceOrientationPortrait UIInterfaceOrientationPortraitUpsideDown UIInterfaceOrientationLandscapeLeft UIInterfaceOrientationLandscapeRight";
				INFOPLIST_KEY_UISupportedInterfaceOrientations_iPhone = "UIInterfaceOrientationPortrait UIInterfaceOrientationLandscapeLeft UIInterfaceOrientationLandscapeRight";
				LD_RUNPATH_SEARCH_PATHS = (
					"$(inherited)",
					"@executable_path/Frameworks",
				);
				MARKETING_VERSION = 1.0;
				PRODUCT_BUNDLE_IDENTIFIER = "com.aeonmall-vietnam-dev.ExpenseTracker";
				PRODUCT_NAME = "$(TARGET_NAME)";
				SWIFT_EMIT_LOC_STRINGS = YES;
				SWIFT_VERSION = 5.0;
				TARGETED_DEVICE_FAMILY = "1,2";
			};
			name = Debug;
		};
		0AD7B0112A9D836800DE53D3 /* Release */ = {
			isa = XCBuildConfiguration;
			buildSettings = {
				ASSETCATALOG_COMPILER_APPICON_NAME = AppIcon;
				ASSETCATALOG_COMPILER_GLOBAL_ACCENT_COLOR_NAME = AccentColor;
				CODE_SIGN_STYLE = Automatic;
				CURRENT_PROJECT_VERSION = 1;
				DEVELOPMENT_ASSET_PATHS = "\"ExpenseTracker/Preview Content\"";
				DEVELOPMENT_TEAM = R5AKRV4557;
				ENABLE_PREVIEWS = YES;
				GENERATE_INFOPLIST_FILE = YES;
				INFOPLIST_KEY_UIApplicationSceneManifest_Generation = YES;
				INFOPLIST_KEY_UIApplicationSupportsIndirectInputEvents = YES;
				INFOPLIST_KEY_UILaunchScreen_Generation = YES;
				INFOPLIST_KEY_UISupportedInterfaceOrientations_iPad = "UIInterfaceOrientationPortrait UIInterfaceOrientationPortraitUpsideDown UIInterfaceOrientationLandscapeLeft UIInterfaceOrientationLandscapeRight";
				INFOPLIST_KEY_UISupportedInterfaceOrientations_iPhone = "UIInterfaceOrientationPortrait UIInterfaceOrientationLandscapeLeft UIInterfaceOrientationLandscapeRight";
				LD_RUNPATH_SEARCH_PATHS = (
					"$(inherited)",
					"@executable_path/Frameworks",
				);
				MARKETING_VERSION = 1.0;
				PRODUCT_BUNDLE_IDENTIFIER = "com.aeonmall-vietnam-dev.ExpenseTracker";
				PRODUCT_NAME = "$(TARGET_NAME)";
				SWIFT_EMIT_LOC_STRINGS = YES;
				SWIFT_VERSION = 5.0;
				TARGETED_DEVICE_FAMILY = "1,2";
			};
			name = Release;
		};
/* End XCBuildConfiguration section */

/* Begin XCConfigurationList section */
		0AD7AFFC2A9D836600DE53D3 /* Build configuration list for PBXProject "ExpenseTracker" */ = {
			isa = XCConfigurationList;
			buildConfigurations = (
				0AD7B00D2A9D836800DE53D3 /* Debug */,
				0AD7B00E2A9D836800DE53D3 /* Release */,
			);
			defaultConfigurationIsVisible = 0;
			defaultConfigurationName = Release;
		};
		0AD7B00F2A9D836800DE53D3 /* Build configuration list for PBXNativeTarget "ExpenseTracker" */ = {
			isa = XCConfigurationList;
			buildConfigurations = (
				0AD7B0102A9D836800DE53D3 /* Debug */,
				0AD7B0112A9D836800DE53D3 /* Release */,
			);
			defaultConfigurationIsVisible = 0;
			defaultConfigurationName = Release;
		};
/* End XCConfigurationList section */

/* Begin XCRemoteSwiftPackageReference section */
		0AC50B142A9DFDB300223D3F /* XCRemoteSwiftPackageReference "swift-collections" */ = {
			isa = XCRemoteSwiftPackageReference;
			repositoryURL = "https://github.com/apple/swift-collections.git";
			requirement = {
				kind = upToNextMajorVersion;
				minimumVersion = 1.0.4;
			};
		};
		0AC50B172A9DFEE700223D3F /* XCRemoteSwiftPackageReference "ChartView" */ = {
			isa = XCRemoteSwiftPackageReference;
			repositoryURL = "https://github.com/AppPear/ChartView";
			requirement = {
				kind = exactVersion;
				version = "2.0.0-beta.2";
			};
		};
		0AD7B01A2A9D954000DE53D3 /* XCRemoteSwiftPackageReference "SwiftUIFontIcon" */ = {
			isa = XCRemoteSwiftPackageReference;
			repositoryURL = "https://github.com/huybuidac/SwiftUIFontIcon";
			requirement = {
				branch = master;
				kind = branch;
			};
		};
/* End XCRemoteSwiftPackageReference section */

/* Begin XCSwiftPackageProductDependency section */
		0AC50B152A9DFDB300223D3F /* Collections */ = {
			isa = XCSwiftPackageProductDependency;
			package = 0AC50B142A9DFDB300223D3F /* XCRemoteSwiftPackageReference "swift-collections" */;
			productName = Collections;
		};
		0AC50B182A9DFEE700223D3F /* SwiftUICharts */ = {
			isa = XCSwiftPackageProductDependency;
			package = 0AC50B172A9DFEE700223D3F /* XCRemoteSwiftPackageReference "ChartView" */;
			productName = SwiftUICharts;
		};
		0AD7B01B2A9D954000DE53D3 /* SwiftUIFontIcon */ = {
			isa = XCSwiftPackageProductDependency;
			package = 0AD7B01A2A9D954000DE53D3 /* XCRemoteSwiftPackageReference "SwiftUIFontIcon" */;
			productName = SwiftUIFontIcon;
		};
/* End XCSwiftPackageProductDependency section */
	};
	rootObject = 0AD7AFF92A9D836600DE53D3 /* Project object */;
}
