// !$*UTF8*$!
{
	archiveVersion = 1;
	classes = {
	};
	objectVersion = 56;
	objects = {

/* Begin PBXBuildFile section */
		0AC50B272A9EEF7700223D3F /* CustomSlideImageApp.swift in Sources */ = {isa = PBXBuildFile; fileRef = 0AC50B262A9EEF7700223D3F /* CustomSlideImageApp.swift */; };
		0AC50B292A9EEF7700223D3F /* ContentView.swift in Sources */ = {isa = PBXBuildFile; fileRef = 0AC50B282A9EEF7700223D3F /* ContentView.swift */; };
		0AC50B2B2A9EEF7800223D3F /* Assets.xcassets in Resources */ = {isa = PBXBuildFile; fileRef = 0AC50B2A2A9EEF7800223D3F /* Assets.xcassets */; };
		0AC50B2E2A9EEF7800223D3F /* Preview Assets.xcassets in Resources */ = {isa = PBXBuildFile; fileRef = 0AC50B2D2A9EEF7800223D3F /* Preview Assets.xcassets */; };
		0AC50B362A9EEFD800223D3F /* PopupImagePickerView.swift in Sources */ = {isa = PBXBuildFile; fileRef = 0AC50B352A9EEFD800223D3F /* PopupImagePickerView.swift */; };
		0AC50B392A9EF00A00223D3F /* ImageAsset.swift in Sources */ = {isa = PBXBuildFile; fileRef = 0AC50B382A9EF00A00223D3F /* ImageAsset.swift */; };
		0AC50B3C2A9EF12D00223D3F /* ImagePickerViewModel.swift in Sources */ = {isa = PBXBuildFile; fileRef = 0AC50B3B2A9EF12D00223D3F /* ImagePickerViewModel.swift */; };
		0AC50B412A9F221600223D3F /* Extensions.swift in Sources */ = {isa = PBXBuildFile; fileRef = 0AC50B402A9F221600223D3F /* Extensions.swift */; };
/* End PBXBuildFile section */

/* Begin PBXFileReference section */
		0AC50B232A9EEF7700223D3F /* CustomSlideImage.app */ = {isa = PBXFileReference; explicitFileType = wrapper.application; includeInIndex = 0; path = CustomSlideImage.app; sourceTree = BUILT_PRODUCTS_DIR; };
		0AC50B262A9EEF7700223D3F /* CustomSlideImageApp.swift */ = {isa = PBXFileReference; lastKnownFileType = sourcecode.swift; path = CustomSlideImageApp.swift; sourceTree = "<group>"; };
		0AC50B282A9EEF7700223D3F /* ContentView.swift */ = {isa = PBXFileReference; lastKnownFileType = sourcecode.swift; path = ContentView.swift; sourceTree = "<group>"; };
		0AC50B2A2A9EEF7800223D3F /* Assets.xcassets */ = {isa = PBXFileReference; lastKnownFileType = folder.assetcatalog; path = Assets.xcassets; sourceTree = "<group>"; };
		0AC50B2D2A9EEF7800223D3F /* Preview Assets.xcassets */ = {isa = PBXFileReference; lastKnownFileType = folder.assetcatalog; path = "Preview Assets.xcassets"; sourceTree = "<group>"; };
		0AC50B352A9EEFD800223D3F /* PopupImagePickerView.swift */ = {isa = PBXFileReference; lastKnownFileType = sourcecode.swift; path = PopupImagePickerView.swift; sourceTree = "<group>"; };
		0AC50B382A9EF00A00223D3F /* ImageAsset.swift */ = {isa = PBXFileReference; lastKnownFileType = sourcecode.swift; path = ImageAsset.swift; sourceTree = "<group>"; };
		0AC50B3B2A9EF12D00223D3F /* ImagePickerViewModel.swift */ = {isa = PBXFileReference; lastKnownFileType = sourcecode.swift; path = ImagePickerViewModel.swift; sourceTree = "<group>"; };
		0AC50B402A9F221600223D3F /* Extensions.swift */ = {isa = PBXFileReference; lastKnownFileType = sourcecode.swift; path = Extensions.swift; sourceTree = "<group>"; };
/* End PBXFileReference section */

/* Begin PBXFrameworksBuildPhase section */
		0AC50B202A9EEF7700223D3F /* Frameworks */ = {
			isa = PBXFrameworksBuildPhase;
			buildActionMask = 2147483647;
			files = (
			);
			runOnlyForDeploymentPostprocessing = 0;
		};
/* End PBXFrameworksBuildPhase section */

/* Begin PBXGroup section */
		0AC50B1A2A9EEF7700223D3F = {
			isa = PBXGroup;
			children = (
				0AC50B252A9EEF7700223D3F /* CustomSlideImage */,
				0AC50B242A9EEF7700223D3F /* Products */,
			);
			sourceTree = "<group>";
		};
		0AC50B242A9EEF7700223D3F /* Products */ = {
			isa = PBXGroup;
			children = (
				0AC50B232A9EEF7700223D3F /* CustomSlideImage.app */,
			);
			name = Products;
			sourceTree = "<group>";
		};
		0AC50B252A9EEF7700223D3F /* CustomSlideImage */ = {
			isa = PBXGroup;
			children = (
				0AC50B3D2A9F21DF00223D3F /* Helpers */,
				0AC50B3A2A9EF11000223D3F /* ViewModel */,
				0AC50B372A9EEFE600223D3F /* Model */,
				0AC50B342A9EEFB100223D3F /* Views */,
				0AC50B262A9EEF7700223D3F /* CustomSlideImageApp.swift */,
				0AC50B282A9EEF7700223D3F /* ContentView.swift */,
				0AC50B2A2A9EEF7800223D3F /* Assets.xcassets */,
				0AC50B2C2A9EEF7800223D3F /* Preview Content */,
			);
			path = CustomSlideImage;
			sourceTree = "<group>";
		};
		0AC50B2C2A9EEF7800223D3F /* Preview Content */ = {
			isa = PBXGroup;
			children = (
				0AC50B2D2A9EEF7800223D3F /* Preview Assets.xcassets */,
			);
			path = "Preview Content";
			sourceTree = "<group>";
		};
		0AC50B342A9EEFB100223D3F /* Views */ = {
			isa = PBXGroup;
			children = (
				0AC50B352A9EEFD800223D3F /* PopupImagePickerView.swift */,
			);
			path = Views;
			sourceTree = "<group>";
		};
		0AC50B372A9EEFE600223D3F /* Model */ = {
			isa = PBXGroup;
			children = (
				0AC50B382A9EF00A00223D3F /* ImageAsset.swift */,
			);
			path = Model;
			sourceTree = "<group>";
		};
		0AC50B3A2A9EF11000223D3F /* ViewModel */ = {
			isa = PBXGroup;
			children = (
				0AC50B3B2A9EF12D00223D3F /* ImagePickerViewModel.swift */,
			);
			path = ViewModel;
			sourceTree = "<group>";
		};
		0AC50B3D2A9F21DF00223D3F /* Helpers */ = {
			isa = PBXGroup;
			children = (
				0AC50B402A9F221600223D3F /* Extensions.swift */,
			);
			path = Helpers;
			sourceTree = "<group>";
		};
/* End PBXGroup section */

/* Begin PBXNativeTarget section */
		0AC50B222A9EEF7700223D3F /* CustomSlideImage */ = {
			isa = PBXNativeTarget;
			buildConfigurationList = 0AC50B312A9EEF7800223D3F /* Build configuration list for PBXNativeTarget "CustomSlideImage" */;
			buildPhases = (
				0AC50B1F2A9EEF7700223D3F /* Sources */,
				0AC50B202A9EEF7700223D3F /* Frameworks */,
				0AC50B212A9EEF7700223D3F /* Resources */,
			);
			buildRules = (
			);
			dependencies = (
			);
			name = CustomSlideImage;
			productName = CustomSlideImage;
			productReference = 0AC50B232A9EEF7700223D3F /* CustomSlideImage.app */;
			productType = "com.apple.product-type.application";
		};
/* End PBXNativeTarget section */

/* Begin PBXProject section */
		0AC50B1B2A9EEF7700223D3F /* Project object */ = {
			isa = PBXProject;
			attributes = {
				BuildIndependentTargetsInParallel = 1;
				LastSwiftUpdateCheck = 1420;
				LastUpgradeCheck = 1420;
				TargetAttributes = {
					0AC50B222A9EEF7700223D3F = {
						CreatedOnToolsVersion = 14.2;
					};
				};
			};
			buildConfigurationList = 0AC50B1E2A9EEF7700223D3F /* Build configuration list for PBXProject "CustomSlideImage" */;
			compatibilityVersion = "Xcode 14.0";
			developmentRegion = en;
			hasScannedForEncodings = 0;
			knownRegions = (
				en,
				Base,
			);
			mainGroup = 0AC50B1A2A9EEF7700223D3F;
			productRefGroup = 0AC50B242A9EEF7700223D3F /* Products */;
			projectDirPath = "";
			projectRoot = "";
			targets = (
				0AC50B222A9EEF7700223D3F /* CustomSlideImage */,
			);
		};
/* End PBXProject section */

/* Begin PBXResourcesBuildPhase section */
		0AC50B212A9EEF7700223D3F /* Resources */ = {
			isa = PBXResourcesBuildPhase;
			buildActionMask = 2147483647;
			files = (
				0AC50B2E2A9EEF7800223D3F /* Preview Assets.xcassets in Resources */,
				0AC50B2B2A9EEF7800223D3F /* Assets.xcassets in Resources */,
			);
			runOnlyForDeploymentPostprocessing = 0;
		};
/* End PBXResourcesBuildPhase section */

/* Begin PBXSourcesBuildPhase section */
		0AC50B1F2A9EEF7700223D3F /* Sources */ = {
			isa = PBXSourcesBuildPhase;
			buildActionMask = 2147483647;
			files = (
				0AC50B292A9EEF7700223D3F /* ContentView.swift in Sources */,
				0AC50B412A9F221600223D3F /* Extensions.swift in Sources */,
				0AC50B3C2A9EF12D00223D3F /* ImagePickerViewModel.swift in Sources */,
				0AC50B362A9EEFD800223D3F /* PopupImagePickerView.swift in Sources */,
				0AC50B392A9EF00A00223D3F /* ImageAsset.swift in Sources */,
				0AC50B272A9EEF7700223D3F /* CustomSlideImageApp.swift in Sources */,
			);
			runOnlyForDeploymentPostprocessing = 0;
		};
/* End PBXSourcesBuildPhase section */

/* Begin XCBuildConfiguration section */
		0AC50B2F2A9EEF7800223D3F /* Debug */ = {
			isa = XCBuildConfiguration;
			buildSettings = {
				ALWAYS_SEARCH_USER_PATHS = NO;
				CLANG_ANALYZER_NONNULL = YES;
				CLANG_ANALYZER_NUMBER_OBJECT_CONVERSION = YES_AGGRESSIVE;
				CLANG_CXX_LANGUAGE_STANDARD = "gnu++20";
				CLANG_ENABLE_MODULES = YES;
				CLANG_ENABLE_OBJC_ARC = YES;
				CLANG_ENABLE_OBJC_WEAK = YES;
				CLANG_WARN_BLOCK_CAPTURE_AUTORELEASING = YES;
				CLANG_WARN_BOOL_CONVERSION = YES;
				CLANG_WARN_COMMA = YES;
				CLANG_WARN_CONSTANT_CONVERSION = YES;
				CLANG_WARN_DEPRECATED_OBJC_IMPLEMENTATIONS = YES;
				CLANG_WARN_DIRECT_OBJC_ISA_USAGE = YES_ERROR;
				CLANG_WARN_DOCUMENTATION_COMMENTS = YES;
				CLANG_WARN_EMPTY_BODY = YES;
				CLANG_WARN_ENUM_CONVERSION = YES;
				CLANG_WARN_INFINITE_RECURSION = YES;
				CLANG_WARN_INT_CONVERSION = YES;
				CLANG_WARN_NON_LITERAL_NULL_CONVERSION = YES;
				CLANG_WARN_OBJC_IMPLICIT_RETAIN_SELF = YES;
				CLANG_WARN_OBJC_LITERAL_CONVERSION = YES;
				CLANG_WARN_OBJC_ROOT_CLASS = YES_ERROR;
				CLANG_WARN_QUOTED_INCLUDE_IN_FRAMEWORK_HEADER = YES;
				CLANG_WARN_RANGE_LOOP_ANALYSIS = YES;
				CLANG_WARN_STRICT_PROTOTYPES = YES;
				CLANG_WARN_SUSPICIOUS_MOVE = YES;
				CLANG_WARN_UNGUARDED_AVAILABILITY = YES_AGGRESSIVE;
				CLANG_WARN_UNREACHABLE_CODE = YES;
				CLANG_WARN__DUPLICATE_METHOD_MATCH = YES;
				COPY_PHASE_STRIP = NO;
				DEBUG_INFORMATION_FORMAT = dwarf;
				ENABLE_STRICT_OBJC_MSGSEND = YES;
				ENABLE_TESTABILITY = YES;
				GCC_C_LANGUAGE_STANDARD = gnu11;
				GCC_DYNAMIC_NO_PIC = NO;
				GCC_NO_COMMON_BLOCKS = YES;
				GCC_OPTIMIZATION_LEVEL = 0;
				GCC_PREPROCESSOR_DEFINITIONS = (
					"DEBUG=1",
					"$(inherited)",
				);
				GCC_WARN_64_TO_32_BIT_CONVERSION = YES;
				GCC_WARN_ABOUT_RETURN_TYPE = YES_ERROR;
				GCC_WARN_UNDECLARED_SELECTOR = YES;
				GCC_WARN_UNINITIALIZED_AUTOS = YES_AGGRESSIVE;
				GCC_WARN_UNUSED_FUNCTION = YES;
				GCC_WARN_UNUSED_VARIABLE = YES;
				IPHONEOS_DEPLOYMENT_TARGET = 16.2;
				MTL_ENABLE_DEBUG_INFO = INCLUDE_SOURCE;
				MTL_FAST_MATH = YES;
				ONLY_ACTIVE_ARCH = YES;
				SDKROOT = iphoneos;
				SWIFT_ACTIVE_COMPILATION_CONDITIONS = DEBUG;
				SWIFT_OPTIMIZATION_LEVEL = "-Onone";
			};
			name = Debug;
		};
		0AC50B302A9EEF7800223D3F /* Release */ = {
			isa = XCBuildConfiguration;
			buildSettings = {
				ALWAYS_SEARCH_USER_PATHS = NO;
				CLANG_ANALYZER_NONNULL = YES;
				CLANG_ANALYZER_NUMBER_OBJECT_CONVERSION = YES_AGGRESSIVE;
				CLANG_CXX_LANGUAGE_STANDARD = "gnu++20";
				CLANG_ENABLE_MODULES = YES;
				CLANG_ENABLE_OBJC_ARC = YES;
				CLANG_ENABLE_OBJC_WEAK = YES;
				CLANG_WARN_BLOCK_CAPTURE_AUTORELEASING = YES;
				CLANG_WARN_BOOL_CONVERSION = YES;
				CLANG_WARN_COMMA = YES;
				CLANG_WARN_CONSTANT_CONVERSION = YES;
				CLANG_WARN_DEPRECATED_OBJC_IMPLEMENTATIONS = YES;
				CLANG_WARN_DIRECT_OBJC_ISA_USAGE = YES_ERROR;
				CLANG_WARN_DOCUMENTATION_COMMENTS = YES;
				CLANG_WARN_EMPTY_BODY = YES;
				CLANG_WARN_ENUM_CONVERSION = YES;
				CLANG_WARN_INFINITE_RECURSION = YES;
				CLANG_WARN_INT_CONVERSION = YES;
				CLANG_WARN_NON_LITERAL_NULL_CONVERSION = YES;
				CLANG_WARN_OBJC_IMPLICIT_RETAIN_SELF = YES;
				CLANG_WARN_OBJC_LITERAL_CONVERSION = YES;
				CLANG_WARN_OBJC_ROOT_CLASS = YES_ERROR;
				CLANG_WARN_QUOTED_INCLUDE_IN_FRAMEWORK_HEADER = YES;
				CLANG_WARN_RANGE_LOOP_ANALYSIS = YES;
				CLANG_WARN_STRICT_PROTOTYPES = YES;
				CLANG_WARN_SUSPICIOUS_MOVE = YES;
				CLANG_WARN_UNGUARDED_AVAILABILITY = YES_AGGRESSIVE;
				CLANG_WARN_UNREACHABLE_CODE = YES;
				CLANG_WARN__DUPLICATE_METHOD_MATCH = YES;
				COPY_PHASE_STRIP = NO;
				DEBUG_INFORMATION_FORMAT = "dwarf-with-dsym";
				ENABLE_NS_ASSERTIONS = NO;
				ENABLE_STRICT_OBJC_MSGSEND = YES;
				GCC_C_LANGUAGE_STANDARD = gnu11;
				GCC_NO_COMMON_BLOCKS = YES;
				GCC_WARN_64_TO_32_BIT_CONVERSION = YES;
				GCC_WARN_ABOUT_RETURN_TYPE = YES_ERROR;
				GCC_WARN_UNDECLARED_SELECTOR = YES;
				GCC_WARN_UNINITIALIZED_AUTOS = YES_AGGRESSIVE;
				GCC_WARN_UNUSED_FUNCTION = YES;
				GCC_WARN_UNUSED_VARIABLE = YES;
				IPHONEOS_DEPLOYMENT_TARGET = 16.2;
				MTL_ENABLE_DEBUG_INFO = NO;
				MTL_FAST_MATH = YES;
				SDKROOT = iphoneos;
				SWIFT_COMPILATION_MODE = wholemodule;
				SWIFT_OPTIMIZATION_LEVEL = "-O";
				VALIDATE_PRODUCT = YES;
			};
			name = Release;
		};
		0AC50B322A9EEF7800223D3F /* Debug */ = {
			isa = XCBuildConfiguration;
			buildSettings = {
				ASSETCATALOG_COMPILER_APPICON_NAME = AppIcon;
				ASSETCATALOG_COMPILER_GLOBAL_ACCENT_COLOR_NAME = AccentColor;
				CODE_SIGN_STYLE = Automatic;
				CURRENT_PROJECT_VERSION = 1;
				DEVELOPMENT_ASSET_PATHS = "\"CustomSlideImage/Preview Content\"";
				DEVELOPMENT_TEAM = R5AKRV4557;
				ENABLE_PREVIEWS = YES;
				GENERATE_INFOPLIST_FILE = YES;
				INFOPLIST_KEY_NSPhotoLibraryUsageDescription = "Picker needs permission to access photos on your device";
				INFOPLIST_KEY_UIApplicationSceneManifest_Generation = YES;
				INFOPLIST_KEY_UIApplicationSupportsIndirectInputEvents = YES;
				INFOPLIST_KEY_UILaunchScreen_Generation = YES;
				INFOPLIST_KEY_UISupportedInterfaceOrientations_iPad = "UIInterfaceOrientationPortrait UIInterfaceOrientationPortraitUpsideDown UIInterfaceOrientationLandscapeLeft UIInterfaceOrientationLandscapeRight";
				INFOPLIST_KEY_UISupportedInterfaceOrientations_iPhone = "UIInterfaceOrientationPortrait UIInterfaceOrientationLandscapeLeft UIInterfaceOrientationLandscapeRight";
				LD_RUNPATH_SEARCH_PATHS = (
					"$(inherited)",
					"@executable_path/Frameworks",
				);
				MARKETING_VERSION = 1.0;
				PRODUCT_BUNDLE_IDENTIFIER = "com.aeonmall-vietnam-dev.CustomSlideImage";
				PRODUCT_NAME = "$(TARGET_NAME)";
				SWIFT_EMIT_LOC_STRINGS = YES;
				SWIFT_VERSION = 5.0;
				TARGETED_DEVICE_FAMILY = "1,2";
			};
			name = Debug;
		};
		0AC50B332A9EEF7800223D3F /* Release */ = {
			isa = XCBuildConfiguration;
			buildSettings = {
				ASSETCATALOG_COMPILER_APPICON_NAME = AppIcon;
				ASSETCATALOG_COMPILER_GLOBAL_ACCENT_COLOR_NAME = AccentColor;
				CODE_SIGN_STYLE = Automatic;
				CURRENT_PROJECT_VERSION = 1;
				DEVELOPMENT_ASSET_PATHS = "\"CustomSlideImage/Preview Content\"";
				DEVELOPMENT_TEAM = R5AKRV4557;
				ENABLE_PREVIEWS = YES;
				GENERATE_INFOPLIST_FILE = YES;
				INFOPLIST_KEY_NSPhotoLibraryUsageDescription = "Picker needs permission to access photos on your device";
				INFOPLIST_KEY_UIApplicationSceneManifest_Generation = YES;
				INFOPLIST_KEY_UIApplicationSupportsIndirectInputEvents = YES;
				INFOPLIST_KEY_UILaunchScreen_Generation = YES;
				INFOPLIST_KEY_UISupportedInterfaceOrientations_iPad = "UIInterfaceOrientationPortrait UIInterfaceOrientationPortraitUpsideDown UIInterfaceOrientationLandscapeLeft UIInterfaceOrientationLandscapeRight";
				INFOPLIST_KEY_UISupportedInterfaceOrientations_iPhone = "UIInterfaceOrientationPortrait UIInterfaceOrientationLandscapeLeft UIInterfaceOrientationLandscapeRight";
				LD_RUNPATH_SEARCH_PATHS = (
					"$(inherited)",
					"@executable_path/Frameworks",
				);
				MARKETING_VERSION = 1.0;
				PRODUCT_BUNDLE_IDENTIFIER = "com.aeonmall-vietnam-dev.CustomSlideImage";
				PRODUCT_NAME = "$(TARGET_NAME)";
				SWIFT_EMIT_LOC_STRINGS = YES;
				SWIFT_VERSION = 5.0;
				TARGETED_DEVICE_FAMILY = "1,2";
			};
			name = Release;
		};
/* End XCBuildConfiguration section */

/* Begin XCConfigurationList section */
		0AC50B1E2A9EEF7700223D3F /* Build configuration list for PBXProject "CustomSlideImage" */ = {
			isa = XCConfigurationList;
			buildConfigurations = (
				0AC50B2F2A9EEF7800223D3F /* Debug */,
				0AC50B302A9EEF7800223D3F /* Release */,
			);
			defaultConfigurationIsVisible = 0;
			defaultConfigurationName = Release;
		};
		0AC50B312A9EEF7800223D3F /* Build configuration list for PBXNativeTarget "CustomSlideImage" */ = {
			isa = XCConfigurationList;
			buildConfigurations = (
				0AC50B322A9EEF7800223D3F /* Debug */,
				0AC50B332A9EEF7800223D3F /* Release */,
			);
			defaultConfigurationIsVisible = 0;
			defaultConfigurationName = Release;
		};
/* End XCConfigurationList section */
	};
	rootObject = 0AC50B1B2A9EEF7700223D3F /* Project object */;
}
